// !$*UTF8*$!
{
	archiveVersion = 1;
	classes = {
	};
	objectVersion = 55;
	objects = {

/* Begin PBXBuildFile section */
		A34362D62FD764210064ADE1 /* ViewController.swift in Sources */ = {isa = PBXBuildFile; fileRef = A34362D52FD764210064ADE1 /* ViewController.swift */; };
		A34362D82FD764250064ADE1 /* Assets.xcassets in Resources */ = {isa = PBXBuildFile; fileRef = A34362D72FD764250064ADE1 /* Assets.xcassets */; };
		A34363012FD764270064ADE1 /* Default-568h@2x.png in Resources */ = {isa = PBXBuildFile; fileRef = A34363002FD764270064ADE1 /* Default-568h@2x.png */; };
		A34362E22FD764250064ADE1 /* reddioldTests.swift in Sources */ = {isa = PBXBuildFile; fileRef = A34362E12FD764250064ADE1 /* reddioldTests.swift */; };
		A34362EC2FD764250064ADE1 /* reddioldUITests.swift in Sources */ = {isa = PBXBuildFile; fileRef = A34362EB2FD764250064ADE1 /* reddioldUITests.swift */; };
		A34362EE2FD764250064ADE1 /* reddioldUITestsLaunchTests.swift in Sources */ = {isa = PBXBuildFile; fileRef = A34362ED2FD764250064ADE1 /* reddioldUITestsLaunchTests.swift */; };
		A34362FF2FD764260064ADE1 /* AppDelegate.swift in Sources */ = {isa = PBXBuildFile; fileRef = A34362FE2FD764260064ADE1 /* AppDelegate.swift */; };
		6B09BB0A2BDD66625D7BD5A5 /* Post.swift in Sources */ = {isa = PBXBuildFile; fileRef = 3BD4B74BFCF43C6D97730127 /* Post.swift */; };
		6A22F3140CD61AF1719DFBB2 /* Comment.swift in Sources */ = {isa = PBXBuildFile; fileRef = 9D6896CC7820913577277A30 /* Comment.swift */; };
		9FA16B418188EEC411D534E7 /* AtomFeedParser.swift in Sources */ = {isa = PBXBuildFile; fileRef = 45319E6D2F36CC2235630D74 /* AtomFeedParser.swift */; };
		6CCB532B25B363279DF9AEE4 /* RedditAPI.swift in Sources */ = {isa = PBXBuildFile; fileRef = 25DB2286D346E614B3682FAE /* RedditAPI.swift */; };
		C1C3F60AC7DA7A38A2DB473F /* CurlFetcher.swift in Sources */ = {isa = PBXBuildFile; fileRef = 6C6C57D9429F9672D191A07F /* CurlFetcher.swift */; };
		1310CC16DB9AB1E31C2E7942 /* HTMLUtil.swift in Sources */ = {isa = PBXBuildFile; fileRef = 4AE96C5F75D92CDED05050E9 /* HTMLUtil.swift */; };
		8CCE96704A8D760DCC69DF54 /* HomeVC.swift in Sources */ = {isa = PBXBuildFile; fileRef = E471D35F61D053A198F36500 /* HomeVC.swift */; };
		66B62C288540676B3E3CF8FB /* PostVC.swift in Sources */ = {isa = PBXBuildFile; fileRef = 53D4B79177789241F1E49822 /* PostVC.swift */; };
		ACB2C36DBC7B6FA9519033EF /* MediaViewers.swift in Sources */ = {isa = PBXBuildFile; fileRef = D55AF3BAA3CEA56006C8BFB9 /* MediaViewers.swift */; };
		E29DACF455DB807E5F7CE24F /* curl_bridge.c in Sources */ = {isa = PBXBuildFile; fileRef = CDDA5BDC79C685FA560A7E80 /* curl_bridge.c */; };
		CEB7CF35301A36D24253218E /* atomic_stubs.c in Sources */ = {isa = PBXBuildFile; fileRef = 8F2C5577B2D82FCA1000162E /* atomic_stubs.c */; settings = {COMPILER_FLAGS = "-fno-builtin"; }; };
		BCBE2D4F9F083B856FCA7731 /* atomic_stubs.S in Sources */ = {isa = PBXBuildFile; fileRef = CFD7248193AD0E28080D9F5E /* atomic_stubs.S */; };
		EFC466A8B8215E11851E6E03 /* PostListVC.swift in Sources */ = {isa = PBXBuildFile; fileRef = 20FC23E387D082AC74631B75 /* PostListVC.swift */; };
		037394E6E2CAF9FE72133C3B /* SubredditVC.swift in Sources */ = {isa = PBXBuildFile; fileRef = 339F4CEECFF21BAEEF423989 /* SubredditVC.swift */; };
		8ECE7307648C792AA196F424 /* FavoritesStore.swift in Sources */ = {isa = PBXBuildFile; fileRef = 91A7835F4F8983D734B6D27A /* FavoritesStore.swift */; };
		BB9A1672E68F67E91870B4C3 /* FavoritesVC.swift in Sources */ = {isa = PBXBuildFile; fileRef = 92874CB0A4986D19C65C2CFC /* FavoritesVC.swift */; };
		D507B27B6AF7CF34F591ACD9 /* SearchVC.swift in Sources */ = {isa = PBXBuildFile; fileRef = 8B3078FC79158C1226BE8ED1 /* SearchVC.swift */; };
		A4BACF077FEBA74B95D8C971 /* RelativeTime.swift in Sources */ = {isa = PBXBuildFile; fileRef = 2233AABBF3EDD21595CAA4EC /* RelativeTime.swift */; };
		BA603A76234C0A524E4AEBCF /* FeedCache.swift in Sources */ = {isa = PBXBuildFile; fileRef = 2CA88E0D6FBA770903106EA9 /* FeedCache.swift */; };
		E18DFCEEC0EDD7147C14633E /* SettingsVC.swift in Sources */ = {isa = PBXBuildFile; fileRef = 2CE146583CF6FDFF38BF62D9 /* SettingsVC.swift */; };
		DFA8E68BDE8ECDFB4D64ED08 /* AppSettings.swift in Sources */ = {isa = PBXBuildFile; fileRef = 57416558131721FD3826BFB0 /* AppSettings.swift */; };
		2553F54E6B9ED487EFDCAFE6 /* EditFavoritesVC.swift in Sources */ = {isa = PBXBuildFile; fileRef = 28F9DB4AC66A10D9FE090AAA /* EditFavoritesVC.swift */; };
		9F4EA1290BEC4A9658CA4B53 /* SavedPostsStore.swift in Sources */ = {isa = PBXBuildFile; fileRef = AADFB18083C021013C64ADD0 /* SavedPostsStore.swift */; };
		7EC4748F74E999C0B550E4D0 /* SavedPostsVC.swift in Sources */ = {isa = PBXBuildFile; fileRef = 304E91439EBA17D4810CE881 /* SavedPostsVC.swift */; };
		3D5265127B0364D29DE8E798 /* M3U8Parser.swift in Sources */ = {isa = PBXBuildFile; fileRef = 395345091E78B0FF060C8C84 /* M3U8Parser.swift */; };
		119BDDBFAA9F2B42DA0C5DEE /* RedditVideoMux.swift in Sources */ = {isa = PBXBuildFile; fileRef = 6718C6E06A215F6C5ABD9021 /* RedditVideoMux.swift */; };
		0D4F94D551F0A2EFE4E00026 /* RedditVideoProxy.swift in Sources */ = {isa = PBXBuildFile; fileRef = 0EC3108C42581D8BFA3A01B0 /* RedditVideoProxy.swift */; };
/* End PBXBuildFile section */

/* Begin PBXContainerItemProxy section */
		A34362DE2FD764250064ADE1 /* PBXContainerItemProxy */ = {
			isa = PBXContainerItemProxy;
			containerPortal = A34362CA2FD764210064ADE1 /* Project object */;
			proxyType = 1;
			remoteGlobalIDString = A34362D12FD764210064ADE1;
			remoteInfo = reddiold;
		};
		A34362E82FD764250064ADE1 /* PBXContainerItemProxy */ = {
			isa = PBXContainerItemProxy;
			containerPortal = A34362CA2FD764210064ADE1 /* Project object */;
			proxyType = 1;
			remoteGlobalIDString = A34362D12FD764210064ADE1;
			remoteInfo = reddiold;
		};
/* End PBXContainerItemProxy section */

/* Begin PBXFileReference section */
		A34362D22FD764210064ADE1 /* reddiold.app */ = {isa = PBXFileReference; explicitFileType = wrapper.application; includeInIndex = 0; path = reddiold.app; sourceTree = BUILT_PRODUCTS_DIR; };
		A34362FE2FD764260064ADE1 /* AppDelegate.swift */ = {isa = PBXFileReference; lastKnownFileType = sourcecode.swift; path = AppDelegate.swift; sourceTree = "<group>"; };
		A34363002FD764270064ADE1 /* Default-568h@2x.png */ = {isa = PBXFileReference; lastKnownFileType = image.png; path = "Default-568h@2x.png"; sourceTree = "<group>"; };
		A34362D72FD764250064ADE1 /* Assets.xcassets */ = {isa = PBXFileReference; lastKnownFileType = folder.assetcatalog; path = Assets.xcassets; sourceTree = "<group>"; };
		A34362DD2FD764250064ADE1 /* reddioldTests.xctest */ = {isa = PBXFileReference; explicitFileType = wrapper.cfbundle; includeInIndex = 0; path = reddioldTests.xctest; sourceTree = BUILT_PRODUCTS_DIR; };
		A34362E12FD764250064ADE1 /* reddioldTests.swift */ = {isa = PBXFileReference; lastKnownFileType = sourcecode.swift; path = reddioldTests.swift; sourceTree = "<group>"; };
		A34362E72FD764250064ADE1 /* reddioldUITests.xctest */ = {isa = PBXFileReference; explicitFileType = wrapper.cfbundle; includeInIndex = 0; path = reddioldUITests.xctest; sourceTree = BUILT_PRODUCTS_DIR; };
		A34362EB2FD764250064ADE1 /* reddioldUITests.swift */ = {isa = PBXFileReference; lastKnownFileType = sourcecode.swift; path = reddioldUITests.swift; sourceTree = "<group>"; };
		A34362ED2FD764250064ADE1 /* reddioldUITestsLaunchTests.swift */ = {isa = PBXFileReference; lastKnownFileType = sourcecode.swift; path = reddioldUITestsLaunchTests.swift; sourceTree = "<group>"; };
		3BD4B74BFCF43C6D97730127 /* Post.swift */ = {isa = PBXFileReference; lastKnownFileType = sourcecode.swift; path = Post.swift; sourceTree = "<group>"; };
		9D6896CC7820913577277A30 /* Comment.swift */ = {isa = PBXFileReference; lastKnownFileType = sourcecode.swift; path = Comment.swift; sourceTree = "<group>"; };
		45319E6D2F36CC2235630D74 /* AtomFeedParser.swift */ = {isa = PBXFileReference; lastKnownFileType = sourcecode.swift; path = AtomFeedParser.swift; sourceTree = "<group>"; };
		25DB2286D346E614B3682FAE /* RedditAPI.swift */ = {isa = PBXFileReference; lastKnownFileType = sourcecode.swift; path = RedditAPI.swift; sourceTree = "<group>"; };
		6C6C57D9429F9672D191A07F /* CurlFetcher.swift */ = {isa = PBXFileReference; lastKnownFileType = sourcecode.swift; path = CurlFetcher.swift; sourceTree = "<group>"; };
		4AE96C5F75D92CDED05050E9 /* HTMLUtil.swift */ = {isa = PBXFileReference; lastKnownFileType = sourcecode.swift; path = HTMLUtil.swift; sourceTree = "<group>"; };
		E471D35F61D053A198F36500 /* HomeVC.swift */ = {isa = PBXFileReference; lastKnownFileType = sourcecode.swift; path = HomeVC.swift; sourceTree = "<group>"; };
		53D4B79177789241F1E49822 /* PostVC.swift */ = {isa = PBXFileReference; lastKnownFileType = sourcecode.swift; path = PostVC.swift; sourceTree = "<group>"; };
		D55AF3BAA3CEA56006C8BFB9 /* MediaViewers.swift */ = {isa = PBXFileReference; lastKnownFileType = sourcecode.swift; path = MediaViewers.swift; sourceTree = "<group>"; };
		CDDA5BDC79C685FA560A7E80 /* curl_bridge.c */ = {isa = PBXFileReference; lastKnownFileType = sourcecode.c.c; path = curl_bridge.c; sourceTree = "<group>"; };
		8F2C5577B2D82FCA1000162E /* atomic_stubs.c */ = {isa = PBXFileReference; lastKnownFileType = sourcecode.c.c; path = atomic_stubs.c; sourceTree = "<group>"; };
		CFD7248193AD0E28080D9F5E /* atomic_stubs.S */ = {isa = PBXFileReference; lastKnownFileType = sourcecode.asm; path = atomic_stubs.S; sourceTree = "<group>"; };
		20FC23E387D082AC74631B75 /* PostListVC.swift */ = {isa = PBXFileReference; lastKnownFileType = sourcecode.swift; path = PostListVC.swift; sourceTree = "<group>"; };
		339F4CEECFF21BAEEF423989 /* SubredditVC.swift */ = {isa = PBXFileReference; lastKnownFileType = sourcecode.swift; path = SubredditVC.swift; sourceTree = "<group>"; };
		91A7835F4F8983D734B6D27A /* FavoritesStore.swift */ = {isa = PBXFileReference; lastKnownFileType = sourcecode.swift; path = FavoritesStore.swift; sourceTree = "<group>"; };
		92874CB0A4986D19C65C2CFC /* FavoritesVC.swift */ = {isa = PBXFileReference; lastKnownFileType = sourcecode.swift; path = FavoritesVC.swift; sourceTree = "<group>"; };
		8B3078FC79158C1226BE8ED1 /* SearchVC.swift */ = {isa = PBXFileReference; lastKnownFileType = sourcecode.swift; path = SearchVC.swift; sourceTree = "<group>"; };
		2233AABBF3EDD21595CAA4EC /* RelativeTime.swift */ = {isa = PBXFileReference; lastKnownFileType = sourcecode.swift; path = RelativeTime.swift; sourceTree = "<group>"; };
		2CA88E0D6FBA770903106EA9 /* FeedCache.swift */ = {isa = PBXFileReference; lastKnownFileType = sourcecode.swift; path = FeedCache.swift; sourceTree = "<group>"; };
		2CE146583CF6FDFF38BF62D9 /* SettingsVC.swift */ = {isa = PBXFileReference; lastKnownFileType = sourcecode.swift; path = SettingsVC.swift; sourceTree = "<group>"; };
		57416558131721FD3826BFB0 /* AppSettings.swift */ = {isa = PBXFileReference; lastKnownFileType = sourcecode.swift; path = AppSettings.swift; sourceTree = "<group>"; };
		28F9DB4AC66A10D9FE090AAA /* EditFavoritesVC.swift */ = {isa = PBXFileReference; lastKnownFileType = sourcecode.swift; path = EditFavoritesVC.swift; sourceTree = "<group>"; };
		AADFB18083C021013C64ADD0 /* SavedPostsStore.swift */ = {isa = PBXFileReference; lastKnownFileType = sourcecode.swift; path = SavedPostsStore.swift; sourceTree = "<group>"; };
		304E91439EBA17D4810CE881 /* SavedPostsVC.swift */ = {isa = PBXFileReference; lastKnownFileType = sourcecode.swift; path = SavedPostsVC.swift; sourceTree = "<group>"; };
		395345091E78B0FF060C8C84 /* M3U8Parser.swift */ = {isa = PBXFileReference; lastKnownFileType = sourcecode.swift; path = M3U8Parser.swift; sourceTree = "<group>"; };
		6718C6E06A215F6C5ABD9021 /* RedditVideoMux.swift */ = {isa = PBXFileReference; lastKnownFileType = sourcecode.swift; path = RedditVideoMux.swift; sourceTree = "<group>"; };
		0EC3108C42581D8BFA3A01B0 /* RedditVideoProxy.swift */ = {isa = PBXFileReference; lastKnownFileType = sourcecode.swift; path = RedditVideoProxy.swift; sourceTree = "<group>"; };
/* End PBXFileReference section */

/* Begin PBXFrameworksBuildPhase section */
		A34362CF2FD764210064ADE1 /* Frameworks */ = {
			isa = PBXFrameworksBuildPhase;
			buildActionMask = 2147483647;
			files = (
			);
			runOnlyForDeploymentPostprocessing = 0;
		};
		A34362DA2FD764250064ADE1 /* Frameworks */ = {
			isa = PBXFrameworksBuildPhase;
			buildActionMask = 2147483647;
			files = (
			);
			runOnlyForDeploymentPostprocessing = 0;
		};
		A34362E42FD764250064ADE1 /* Frameworks */ = {
			isa = PBXFrameworksBuildPhase;
			buildActionMask = 2147483647;
			files = (
			);
			runOnlyForDeploymentPostprocessing = 0;
		};
/* End PBXFrameworksBuildPhase section */

/* Begin PBXGroup section */
		A34362C92FD764210064ADE1 = {
			isa = PBXGroup;
			children = (
				A34362D42FD764210064ADE1 /* reddiold */,
				A34362E02FD764250064ADE1 /* reddioldTests */,
				A34362EA2FD764250064ADE1 /* reddioldUITests */,
				A34362D32FD764210064ADE1 /* Products */,
			);
			sourceTree = "<group>";
		};
		A34362D32FD764210064ADE1 /* Products */ = {
			isa = PBXGroup;
			children = (
				A34362D22FD764210064ADE1 /* reddiold.app */,
				A34362DD2FD764250064ADE1 /* reddioldTests.xctest */,
				A34362E72FD764250064ADE1 /* reddioldUITests.xctest */,
			);
			name = Products;
			sourceTree = "<group>";
		};
		A34362D42FD764210064ADE1 /* reddiold */ = {
			isa = PBXGroup;
			children = (
				A34362FE2FD764260064ADE1 /* AppDelegate.swift */,
				3BD4B74BFCF43C6D97730127 /* Post.swift */,
				9D6896CC7820913577277A30 /* Comment.swift */,
				45319E6D2F36CC2235630D74 /* AtomFeedParser.swift */,
				25DB2286D346E614B3682FAE /* RedditAPI.swift */,
				6C6C57D9429F9672D191A07F /* CurlFetcher.swift */,
				4AE96C5F75D92CDED05050E9 /* HTMLUtil.swift */,
				E471D35F61D053A198F36500 /* HomeVC.swift */,
				2233AABBF3EDD21595CAA4EC /* RelativeTime.swift */,
				20FC23E387D082AC74631B75 /* PostListVC.swift */,
				2CA88E0D6FBA770903106EA9 /* FeedCache.swift */,
				2CE146583CF6FDFF38BF62D9 /* SettingsVC.swift */,
				28F9DB4AC66A10D9FE090AAA /* EditFavoritesVC.swift */,
				AADFB18083C021013C64ADD0 /* SavedPostsStore.swift */,
				304E91439EBA17D4810CE881 /* SavedPostsVC.swift */,
				57416558131721FD3826BFB0 /* AppSettings.swift */,
				339F4CEECFF21BAEEF423989 /* SubredditVC.swift */,
				91A7835F4F8983D734B6D27A /* FavoritesStore.swift */,
				92874CB0A4986D19C65C2CFC /* FavoritesVC.swift */,
				8B3078FC79158C1226BE8ED1 /* SearchVC.swift */,
				53D4B79177789241F1E49822 /* PostVC.swift */,
				D55AF3BAA3CEA56006C8BFB9 /* MediaViewers.swift */,
				395345091E78B0FF060C8C84 /* M3U8Parser.swift */,
				6718C6E06A215F6C5ABD9021 /* RedditVideoMux.swift */,
				0EC3108C42581D8BFA3A01B0 /* RedditVideoProxy.swift */,
				CDDA5BDC79C685FA560A7E80 /* curl_bridge.c */,
				8F2C5577B2D82FCA1000162E /* atomic_stubs.c */,
				CFD7248193AD0E28080D9F5E /* atomic_stubs.S */,
				A34363002FD764270064ADE1 /* Default-568h@2x.png */,
				A34362D72FD764250064ADE1 /* Assets.xcassets */,
			);
			path = reddiold;
			sourceTree = "<group>";
		};
		A34362E02FD764250064ADE1 /* reddioldTests */ = {
			isa = PBXGroup;
			children = (
				A34362E12FD764250064ADE1 /* reddioldTests.swift */,
			);
			path = reddioldTests;
			sourceTree = "<group>";
		};
		A34362EA2FD764250064ADE1 /* reddioldUITests */ = {
			isa = PBXGroup;
			children = (
				A34362EB2FD764250064ADE1 /* reddioldUITests.swift */,
				A34362ED2FD764250064ADE1 /* reddioldUITestsLaunchTests.swift */,
			);
			path = reddioldUITests;
			sourceTree = "<group>";
		};
/* End PBXGroup section */

/* Begin PBXNativeTarget section */
		A34362D12FD764210064ADE1 /* reddiold */ = {
			isa = PBXNativeTarget;
			buildConfigurationList = A34362F12FD764250064ADE1 /* Build configuration list for PBXNativeTarget "reddiold" */;
			buildPhases = (
				A34362CE2FD764210064ADE1 /* Sources */,
				A34362CF2FD764210064ADE1 /* Frameworks */,
				A34362D02FD764210064ADE1 /* Resources */,
			);
			buildRules = (
			);
			dependencies = (
			);
			name = reddiold;
			productName = reddiold;
			productReference = A34362D22FD764210064ADE1 /* reddiold.app */;
			productType = "com.apple.product-type.application";
		};
		A34362DC2FD764250064ADE1 /* reddioldTests */ = {
			isa = PBXNativeTarget;
			buildConfigurationList = A34362F42FD764250064ADE1 /* Build configuration list for PBXNativeTarget "reddioldTests" */;
			buildPhases = (
				A34362D92FD764250064ADE1 /* Sources */,
				A34362DA2FD764250064ADE1 /* Frameworks */,
				A34362DB2FD764250064ADE1 /* Resources */,
			);
			buildRules = (
			);
			dependencies = (
				A34362DF2FD764250064ADE1 /* PBXTargetDependency */,
			);
			name = reddioldTests;
			productName = reddioldTests;
			productReference = A34362DD2FD764250064ADE1 /* reddioldTests.xctest */;
			productType = "com.apple.product-type.bundle.unit-test";
		};
		A34362E62FD764250064ADE1 /* reddioldUITests */ = {
			isa = PBXNativeTarget;
			buildConfigurationList = A34362F72FD764250064ADE1 /* Build configuration list for PBXNativeTarget "reddioldUITests" */;
			buildPhases = (
				A34362E32FD764250064ADE1 /* Sources */,
				A34362E42FD764250064ADE1 /* Frameworks */,
				A34362E52FD764250064ADE1 /* Resources */,
			);
			buildRules = (
			);
			dependencies = (
				A34362E92FD764250064ADE1 /* PBXTargetDependency */,
			);
			name = reddioldUITests;
			productName = reddioldUITests;
			productReference = A34362E72FD764250064ADE1 /* reddioldUITests.xctest */;
			productType = "com.apple.product-type.bundle.ui-testing";
		};
/* End PBXNativeTarget section */

/* Begin PBXProject section */
		A34362CA2FD764210064ADE1 /* Project object */ = {
			isa = PBXProject;
			attributes = {
				BuildIndependentTargetsInParallel = 1;
				LastSwiftUpdateCheck = 1320;
				LastUpgradeCheck = 1320;
				TargetAttributes = {
					A34362D12FD764210064ADE1 = {
						CreatedOnToolsVersion = 13.2.1;
					};
					A34362DC2FD764250064ADE1 = {
						CreatedOnToolsVersion = 13.2.1;
						TestTargetID = A34362D12FD764210064ADE1;
					};
					A34362E62FD764250064ADE1 = {
						CreatedOnToolsVersion = 13.2.1;
						TestTargetID = A34362D12FD764210064ADE1;
					};
				};
			};
			buildConfigurationList = A34362CD2FD764210064ADE1 /* Build configuration list for PBXProject "reddiold" */;
			compatibilityVersion = "Xcode 13.0";
			developmentRegion = en;
			hasScannedForEncodings = 0;
			knownRegions = (
				en,
				Base,
			);
			mainGroup = A34362C92FD764210064ADE1;
			productRefGroup = A34362D32FD764210064ADE1 /* Products */;
			projectDirPath = "";
			projectRoot = "";
			targets = (
				A34362D12FD764210064ADE1 /* reddiold */,
				A34362DC2FD764250064ADE1 /* reddioldTests */,
				A34362E62FD764250064ADE1 /* reddioldUITests */,
			);
		};
/* End PBXProject section */

/* Begin PBXResourcesBuildPhase section */
		A34362D02FD764210064ADE1 /* Resources */ = {
			isa = PBXResourcesBuildPhase;
			buildActionMask = 2147483647;
			files = (
				A34362D82FD764250064ADE1 /* Assets.xcassets in Resources */,
				A34363012FD764270064ADE1 /* Default-568h@2x.png in Resources */,
			);
			runOnlyForDeploymentPostprocessing = 0;
		};
		A34362DB2FD764250064ADE1 /* Resources */ = {
			isa = PBXResourcesBuildPhase;
			buildActionMask = 2147483647;
			files = (
			);
			runOnlyForDeploymentPostprocessing = 0;
		};
		A34362E52FD764250064ADE1 /* Resources */ = {
			isa = PBXResourcesBuildPhase;
			buildActionMask = 2147483647;
			files = (
			);
			runOnlyForDeploymentPostprocessing = 0;
		};
/* End PBXResourcesBuildPhase section */

/* Begin PBXSourcesBuildPhase section */
		A34362CE2FD764210064ADE1 /* Sources */ = {
			isa = PBXSourcesBuildPhase;
			buildActionMask = 2147483647;
			files = (
				A34362FF2FD764260064ADE1 /* AppDelegate.swift in Sources */,
				6B09BB0A2BDD66625D7BD5A5 /* Post.swift in Sources */,
				6A22F3140CD61AF1719DFBB2 /* Comment.swift in Sources */,
				9FA16B418188EEC411D534E7 /* AtomFeedParser.swift in Sources */,
				6CCB532B25B363279DF9AEE4 /* RedditAPI.swift in Sources */,
				C1C3F60AC7DA7A38A2DB473F /* CurlFetcher.swift in Sources */,
				1310CC16DB9AB1E31C2E7942 /* HTMLUtil.swift in Sources */,
				8CCE96704A8D760DCC69DF54 /* HomeVC.swift in Sources */,
				A4BACF077FEBA74B95D8C971 /* RelativeTime.swift in Sources */,
				EFC466A8B8215E11851E6E03 /* PostListVC.swift in Sources */,
				BA603A76234C0A524E4AEBCF /* FeedCache.swift in Sources */,
				E18DFCEEC0EDD7147C14633E /* SettingsVC.swift in Sources */,
				2553F54E6B9ED487EFDCAFE6 /* EditFavoritesVC.swift in Sources */,
				9F4EA1290BEC4A9658CA4B53 /* SavedPostsStore.swift in Sources */,
				7EC4748F74E999C0B550E4D0 /* SavedPostsVC.swift in Sources */,
				DFA8E68BDE8ECDFB4D64ED08 /* AppSettings.swift in Sources */,
				037394E6E2CAF9FE72133C3B /* SubredditVC.swift in Sources */,
				8ECE7307648C792AA196F424 /* FavoritesStore.swift in Sources */,
				BB9A1672E68F67E91870B4C3 /* FavoritesVC.swift in Sources */,
				D507B27B6AF7CF34F591ACD9 /* SearchVC.swift in Sources */,
				66B62C288540676B3E3CF8FB /* PostVC.swift in Sources */,
				ACB2C36DBC7B6FA9519033EF /* MediaViewers.swift in Sources */,
				3D5265127B0364D29DE8E798 /* M3U8Parser.swift in Sources */,
				119BDDBFAA9F2B42DA0C5DEE /* RedditVideoMux.swift in Sources */,
				0D4F94D551F0A2EFE4E00026 /* RedditVideoProxy.swift in Sources */,
				E29DACF455DB807E5F7CE24F /* curl_bridge.c in Sources */,
				CEB7CF35301A36D24253218E /* atomic_stubs.c in Sources */,
				BCBE2D4F9F083B856FCA7731 /* atomic_stubs.S in Sources */,
			);
			runOnlyForDeploymentPostprocessing = 0;
		};
		A34362D92FD764250064ADE1 /* Sources */ = {
			isa = PBXSourcesBuildPhase;
			buildActionMask = 2147483647;
			files = (
				A34362E22FD764250064ADE1 /* reddioldTests.swift in Sources */,
			);
			runOnlyForDeploymentPostprocessing = 0;
		};
		A34362E32FD764250064ADE1 /* Sources */ = {
			isa = PBXSourcesBuildPhase;
			buildActionMask = 2147483647;
			files = (
				A34362EE2FD764250064ADE1 /* reddioldUITestsLaunchTests.swift in Sources */,
				A34362EC2FD764250064ADE1 /* reddioldUITests.swift in Sources */,
			);
			runOnlyForDeploymentPostprocessing = 0;
		};
/* End PBXSourcesBuildPhase section */

/* Begin PBXTargetDependency section */
		A34362DF2FD764250064ADE1 /* PBXTargetDependency */ = {
			isa = PBXTargetDependency;
			target = A34362D12FD764210064ADE1 /* reddiold */;
			targetProxy = A34362DE2FD764250064ADE1 /* PBXContainerItemProxy */;
		};
		A34362E92FD764250064ADE1 /* PBXTargetDependency */ = {
			isa = PBXTargetDependency;
			target = A34362D12FD764210064ADE1 /* reddiold */;
			targetProxy = A34362E82FD764250064ADE1 /* PBXContainerItemProxy */;
		};
/* End PBXTargetDependency section */

/* Begin XCBuildConfiguration section */
		A34362EF2FD764250064ADE1 /* Debug */ = {
			isa = XCBuildConfiguration;
			buildSettings = {
				ALWAYS_SEARCH_USER_PATHS = NO;
				CLANG_ANALYZER_NONNULL = YES;
				CLANG_ANALYZER_NUMBER_OBJECT_CONVERSION = YES_AGGRESSIVE;
				CLANG_CXX_LANGUAGE_STANDARD = "gnu++17";
				CLANG_CXX_LIBRARY = "libc++";
				CLANG_ENABLE_MODULES = YES;
				CLANG_ENABLE_OBJC_ARC = YES;
				CLANG_ENABLE_OBJC_WEAK = YES;
				CLANG_WARN_BLOCK_CAPTURE_AUTORELEASING = YES;
				CLANG_WARN_BOOL_CONVERSION = YES;
				CLANG_WARN_COMMA = YES;
				CLANG_WARN_CONSTANT_CONVERSION = YES;
				CLANG_WARN_DEPRECATED_OBJC_IMPLEMENTATIONS = YES;
				CLANG_WARN_DIRECT_OBJC_ISA_USAGE = YES_ERROR;
				CLANG_WARN_DOCUMENTATION_COMMENTS = YES;
				CLANG_WARN_EMPTY_BODY = YES;
				CLANG_WARN_ENUM_CONVERSION = YES;
				CLANG_WARN_INFINITE_RECURSION = YES;
				CLANG_WARN_INT_CONVERSION = YES;
				CLANG_WARN_NON_LITERAL_NULL_CONVERSION = YES;
				CLANG_WARN_OBJC_IMPLICIT_RETAIN_SELF = YES;
				CLANG_WARN_OBJC_LITERAL_CONVERSION = YES;
				CLANG_WARN_OBJC_ROOT_CLASS = YES_ERROR;
				CLANG_WARN_QUOTED_INCLUDE_IN_FRAMEWORK_HEADER = YES;
				CLANG_WARN_RANGE_LOOP_ANALYSIS = YES;
				CLANG_WARN_STRICT_PROTOTYPES = YES;
				CLANG_WARN_SUSPICIOUS_MOVE = YES;
				CLANG_WARN_UNGUARDED_AVAILABILITY = YES_AGGRESSIVE;
				CLANG_WARN_UNREACHABLE_CODE = YES;
				CLANG_WARN__DUPLICATE_METHOD_MATCH = YES;
				COPY_PHASE_STRIP = NO;
				DEBUG_INFORMATION_FORMAT = dwarf;
				ENABLE_STRICT_OBJC_MSGSEND = YES;
				ENABLE_TESTABILITY = YES;
				GCC_C_LANGUAGE_STANDARD = gnu11;
				GCC_DYNAMIC_NO_PIC = NO;
				GCC_NO_COMMON_BLOCKS = YES;
				GCC_OPTIMIZATION_LEVEL = 0;
				GCC_PREPROCESSOR_DEFINITIONS = (
					"DEBUG=1",
					"$(inherited)",
				);
				GCC_WARN_64_TO_32_BIT_CONVERSION = YES;
				GCC_WARN_ABOUT_RETURN_TYPE = YES_ERROR;
				GCC_WARN_UNDECLARED_SELECTOR = YES;
				GCC_WARN_UNINITIALIZED_AUTOS = YES_AGGRESSIVE;
				GCC_WARN_UNUSED_FUNCTION = YES;
				GCC_WARN_UNUSED_VARIABLE = YES;
				IPHONEOS_DEPLOYMENT_TARGET = 7.0;
				MTL_ENABLE_DEBUG_INFO = INCLUDE_SOURCE;
				MTL_FAST_MATH = YES;
				ONLY_ACTIVE_ARCH = YES;
				SDKROOT = iphoneos;
				SWIFT_ACTIVE_COMPILATION_CONDITIONS = DEBUG;
				SWIFT_OPTIMIZATION_LEVEL = "-Onone";
			};
			name = Debug;
		};
		A34362F02FD764250064ADE1 /* Release */ = {
			isa = XCBuildConfiguration;
			buildSettings = {
				ALWAYS_SEARCH_USER_PATHS = NO;
				CLANG_ANALYZER_NONNULL = YES;
				CLANG_ANALYZER_NUMBER_OBJECT_CONVERSION = YES_AGGRESSIVE;
				CLANG_CXX_LANGUAGE_STANDARD = "gnu++17";
				CLANG_CXX_LIBRARY = "libc++";
				CLANG_ENABLE_MODULES = YES;
				CLANG_ENABLE_OBJC_ARC = YES;
				CLANG_ENABLE_OBJC_WEAK = YES;
				CLANG_WARN_BLOCK_CAPTURE_AUTORELEASING = YES;
				CLANG_WARN_BOOL_CONVERSION = YES;
				CLANG_WARN_COMMA = YES;
				CLANG_WARN_CONSTANT_CONVERSION = YES;
				CLANG_WARN_DEPRECATED_OBJC_IMPLEMENTATIONS = YES;
				CLANG_WARN_DIRECT_OBJC_ISA_USAGE = YES_ERROR;
				CLANG_WARN_DOCUMENTATION_COMMENTS = YES;
				CLANG_WARN_EMPTY_BODY = YES;
				CLANG_WARN_ENUM_CONVERSION = YES;
				CLANG_WARN_INFINITE_RECURSION = YES;
				CLANG_WARN_INT_CONVERSION = YES;
				CLANG_WARN_NON_LITERAL_NULL_CONVERSION = YES;
				CLANG_WARN_OBJC_IMPLICIT_RETAIN_SELF = YES;
				CLANG_WARN_OBJC_LITERAL_CONVERSION = YES;
				CLANG_WARN_OBJC_ROOT_CLASS = YES_ERROR;
				CLANG_WARN_QUOTED_INCLUDE_IN_FRAMEWORK_HEADER = YES;
				CLANG_WARN_RANGE_LOOP_ANALYSIS = YES;
				CLANG_WARN_STRICT_PROTOTYPES = YES;
				CLANG_WARN_SUSPICIOUS_MOVE = YES;
				CLANG_WARN_UNGUARDED_AVAILABILITY = YES_AGGRESSIVE;
				CLANG_WARN_UNREACHABLE_CODE = YES;
				CLANG_WARN__DUPLICATE_METHOD_MATCH = YES;
				COPY_PHASE_STRIP = NO;
				DEBUG_INFORMATION_FORMAT = "dwarf-with-dsym";
				ENABLE_NS_ASSERTIONS = NO;
				ENABLE_STRICT_OBJC_MSGSEND = YES;
				GCC_C_LANGUAGE_STANDARD = gnu11;
				GCC_NO_COMMON_BLOCKS = YES;
				GCC_WARN_64_TO_32_BIT_CONVERSION = YES;
				GCC_WARN_ABOUT_RETURN_TYPE = YES_ERROR;
				GCC_WARN_UNDECLARED_SELECTOR = YES;
				GCC_WARN_UNINITIALIZED_AUTOS = YES_AGGRESSIVE;
				GCC_WARN_UNUSED_FUNCTION = YES;
				GCC_WARN_UNUSED_VARIABLE = YES;
				IPHONEOS_DEPLOYMENT_TARGET = 7.0;
				MTL_ENABLE_DEBUG_INFO = NO;
				MTL_FAST_MATH = YES;
				SDKROOT = iphoneos;
				SWIFT_COMPILATION_MODE = wholemodule;
				SWIFT_OPTIMIZATION_LEVEL = "-O";
				VALIDATE_PRODUCT = YES;
			};
			name = Release;
		};
		A34362F22FD764250064ADE1 /* Debug */ = {
			isa = XCBuildConfiguration;
			buildSettings = {
				ASSETCATALOG_COMPILER_APPICON_NAME = AppIcon;
				ASSETCATALOG_COMPILER_GLOBAL_ACCENT_COLOR_NAME = AccentColor;
				CODE_SIGN_STYLE = Automatic;
				CURRENT_PROJECT_VERSION = 1;
				GENERATE_INFOPLIST_FILE = YES;
				HEADER_SEARCH_PATHS = "$(SRCROOT)/ThirdParty/curl/include";
				LIBRARY_SEARCH_PATHS = "$(SRCROOT)/ThirdParty/curl/lib";
				OTHER_LDFLAGS = "-lcurl -lssl -lcrypto -lz";
				SWIFT_OBJC_BRIDGING_HEADER = "reddiold/reddiold-Bridging-Header.h";
				INFOPLIST_KEY_UISupportedInterfaceOrientations_iPad = "UIInterfaceOrientationPortrait UIInterfaceOrientationPortraitUpsideDown UIInterfaceOrientationLandscapeLeft UIInterfaceOrientationLandscapeRight";
				INFOPLIST_KEY_UISupportedInterfaceOrientations_iPhone = "UIInterfaceOrientationPortrait UIInterfaceOrientationLandscapeLeft UIInterfaceOrientationLandscapeRight";
				LD_RUNPATH_SEARCH_PATHS = (
					"$(inherited)",
					"@executable_path/Frameworks",
				);
				MARKETING_VERSION = 1.0;
				PRODUCT_BUNDLE_IDENTIFIER = rousseaddict.reddiold;
				PRODUCT_NAME = "$(TARGET_NAME)";
				SWIFT_EMIT_LOC_STRINGS = YES;
				SWIFT_VERSION = 5.0;
				TARGETED_DEVICE_FAMILY = "1,2";
			};
			name = Debug;
		};
		A34362F32FD764250064ADE1 /* Release */ = {
			isa = XCBuildConfiguration;
			buildSettings = {
				ASSETCATALOG_COMPILER_APPICON_NAME = AppIcon;
				ASSETCATALOG_COMPILER_GLOBAL_ACCENT_COLOR_NAME = AccentColor;
				CODE_SIGN_STYLE = Automatic;
				CURRENT_PROJECT_VERSION = 1;
				GENERATE_INFOPLIST_FILE = YES;
				HEADER_SEARCH_PATHS = "$(SRCROOT)/ThirdParty/curl/include";
				LIBRARY_SEARCH_PATHS = "$(SRCROOT)/ThirdParty/curl/lib";
				OTHER_LDFLAGS = "-lcurl -lssl -lcrypto -lz";
				SWIFT_OBJC_BRIDGING_HEADER = "reddiold/reddiold-Bridging-Header.h";
				INFOPLIST_KEY_UISupportedInterfaceOrientations_iPad = "UIInterfaceOrientationPortrait UIInterfaceOrientationPortraitUpsideDown UIInterfaceOrientationLandscapeLeft UIInterfaceOrientationLandscapeRight";
				INFOPLIST_KEY_UISupportedInterfaceOrientations_iPhone = "UIInterfaceOrientationPortrait UIInterfaceOrientationLandscapeLeft UIInterfaceOrientationLandscapeRight";
				LD_RUNPATH_SEARCH_PATHS = (
					"$(inherited)",
					"@executable_path/Frameworks",
				);
				MARKETING_VERSION = 1.0;
				PRODUCT_BUNDLE_IDENTIFIER = rousseaddict.reddiold;
				PRODUCT_NAME = "$(TARGET_NAME)";
				SWIFT_EMIT_LOC_STRINGS = YES;
				SWIFT_VERSION = 5.0;
				TARGETED_DEVICE_FAMILY = "1,2";
			};
			name = Release;
		};
		A34362F52FD764250064ADE1 /* Debug */ = {
			isa = XCBuildConfiguration;
			buildSettings = {
				ALWAYS_EMBED_SWIFT_STANDARD_LIBRARIES = YES;
				BUNDLE_LOADER = "$(TEST_HOST)";
				CODE_SIGN_STYLE = Automatic;
				CURRENT_PROJECT_VERSION = 1;
				GENERATE_INFOPLIST_FILE = YES;
				IPHONEOS_DEPLOYMENT_TARGET = 7.0;
				MARKETING_VERSION = 1.0;
				PRODUCT_BUNDLE_IDENTIFIER = rousseaddict.reddioldTests;
				PRODUCT_NAME = "$(TARGET_NAME)";
				SWIFT_EMIT_LOC_STRINGS = NO;
				SWIFT_VERSION = 5.0;
				TARGETED_DEVICE_FAMILY = "1,2";
				TEST_HOST = "$(BUILT_PRODUCTS_DIR)/reddiold.app/reddiold";
			};
			name = Debug;
		};
		A34362F62FD764250064ADE1 /* Release */ = {
			isa = XCBuildConfiguration;
			buildSettings = {
				ALWAYS_EMBED_SWIFT_STANDARD_LIBRARIES = YES;
				BUNDLE_LOADER = "$(TEST_HOST)";
				CODE_SIGN_STYLE = Automatic;
				CURRENT_PROJECT_VERSION = 1;
				GENERATE_INFOPLIST_FILE = YES;
				IPHONEOS_DEPLOYMENT_TARGET = 7.0;
				MARKETING_VERSION = 1.0;
				PRODUCT_BUNDLE_IDENTIFIER = rousseaddict.reddioldTests;
				PRODUCT_NAME = "$(TARGET_NAME)";
				SWIFT_EMIT_LOC_STRINGS = NO;
				SWIFT_VERSION = 5.0;
				TARGETED_DEVICE_FAMILY = "1,2";
				TEST_HOST = "$(BUILT_PRODUCTS_DIR)/reddiold.app/reddiold";
			};
			name = Release;
		};
		A34362F82FD764250064ADE1 /* Debug */ = {
			isa = XCBuildConfiguration;
			buildSettings = {
				ALWAYS_EMBED_SWIFT_STANDARD_LIBRARIES = YES;
				CODE_SIGN_STYLE = Automatic;
				CURRENT_PROJECT_VERSION = 1;
				GENERATE_INFOPLIST_FILE = YES;
				IPHONEOS_DEPLOYMENT_TARGET = 15.2;
				MARKETING_VERSION = 1.0;
				PRODUCT_BUNDLE_IDENTIFIER = rousseaddict.reddioldUITests;
				PRODUCT_NAME = "$(TARGET_NAME)";
				SWIFT_EMIT_LOC_STRINGS = NO;
				SWIFT_VERSION = 5.0;
				TARGETED_DEVICE_FAMILY = "1,2";
				TEST_TARGET_NAME = reddiold;
			};
			name = Debug;
		};
		A34362F92FD764250064ADE1 /* Release */ = {
			isa = XCBuildConfiguration;
			buildSettings = {
				ALWAYS_EMBED_SWIFT_STANDARD_LIBRARIES = YES;
				CODE_SIGN_STYLE = Automatic;
				CURRENT_PROJECT_VERSION = 1;
				GENERATE_INFOPLIST_FILE = YES;
				IPHONEOS_DEPLOYMENT_TARGET = 15.2;
				MARKETING_VERSION = 1.0;
				PRODUCT_BUNDLE_IDENTIFIER = rousseaddict.reddioldUITests;
				PRODUCT_NAME = "$(TARGET_NAME)";
				SWIFT_EMIT_LOC_STRINGS = NO;
				SWIFT_VERSION = 5.0;
				TARGETED_DEVICE_FAMILY = "1,2";
				TEST_TARGET_NAME = reddiold;
			};
			name = Release;
		};
/* End XCBuildConfiguration section */

/* Begin XCConfigurationList section */
		A34362CD2FD764210064ADE1 /* Build configuration list for PBXProject "reddiold" */ = {
			isa = XCConfigurationList;
			buildConfigurations = (
				A34362EF2FD764250064ADE1 /* Debug */,
				A34362F02FD764250064ADE1 /* Release */,
			);
			defaultConfigurationIsVisible = 0;
			defaultConfigurationName = Release;
		};
		A34362F12FD764250064ADE1 /* Build configuration list for PBXNativeTarget "reddiold" */ = {
			isa = XCConfigurationList;
			buildConfigurations = (
				A34362F22FD764250064ADE1 /* Debug */,
				A34362F32FD764250064ADE1 /* Release */,
			);
			defaultConfigurationIsVisible = 0;
			defaultConfigurationName = Release;
		};
		A34362F42FD764250064ADE1 /* Build configuration list for PBXNativeTarget "reddioldTests" */ = {
			isa = XCConfigurationList;
			buildConfigurations = (
				A34362F52FD764250064ADE1 /* Debug */,
				A34362F62FD764250064ADE1 /* Release */,
			);
			defaultConfigurationIsVisible = 0;
			defaultConfigurationName = Release;
		};
		A34362F72FD764250064ADE1 /* Build configuration list for PBXNativeTarget "reddioldUITests" */ = {
			isa = XCConfigurationList;
			buildConfigurations = (
				A34362F82FD764250064ADE1 /* Debug */,
				A34362F92FD764250064ADE1 /* Release */,
			);
			defaultConfigurationIsVisible = 0;
			defaultConfigurationName = Release;
		};
/* End XCConfigurationList section */
	};
	rootObject = A34362CA2FD764210064ADE1 /* Project object */;
}
